
Microsoft Visual Studio Solution File, Format Version 12.00
# Visual Studio Version 17
VisualStudioVersion = 17.10.35122.118
MinimumVisualStudioVersion = 10.0.40219.1
Project("{9A19103F-16F7-4668-BE54-9A1E7A4F7556}") = "crud-app", "crud-app.csproj", "{ECDC632E-5F68-43F0-9DC6-89B01D551951}"
EndProject
Global
	GlobalSection(SolutionConfigurationPlatforms) = preSolution
		Debug|Any CPU = Debug|Any CPU
		Release|Any CPU = Release|Any CPU
	EndGlobalSection
	GlobalSection(ProjectConfigurationPlatforms) = postSolution
		{ECDC632E-5F68-43F0-9DC6-89B01D551951}.Debug|Any CPU.ActiveCfg = Debug|Any CPU
		{ECDC632E-5F68-43F0-9DC6-89B01D551951}.Debug|Any CPU.Build.0 = Debug|Any CPU
		{ECDC632E-5F68-43F0-9DC6-89B01D551951}.Release|Any CPU.ActiveCfg = Release|Any CPU
		{ECDC632E-5F68-43F0-9DC6-89B01D551951}.Release|Any CPU.Build.0 = Release|Any CPU
	EndGlobalSection
	GlobalSection(SolutionProperties) = preSolution
		HideSolutionNode = FALSE
	EndGlobalSection
	GlobalSection(ExtensibilityGlobals) = postSolution
		SolutionGuid = {4ED3267B-49C0-4128-85FD-BF85B4AE2499}
	EndGlobalSection
EndGlobal
